
Microsoft Visual Studio Solution File, Format Version 12.00
# Visual Studio Version 16
VisualStudioVersion = 16.0.30225.117
MinimumVisualStudioVersion = 10.0.40219.1
Project("{FAE04EC0-301F-11D3-BF4B-00C04F79EFBC}") = "BlazorTimer", "BlazorTimer\BlazorTimer.csproj", "{EA9E8C8F-01E5-4BB1-85E2-DADEF050B90B}"
EndProject
Global
	GlobalSection(SolutionConfigurationPlatforms) = preSolution
		Debug|Any CPU = Debug|Any CPU
		Release|Any CPU = Release|Any CPU
	EndGlobalSection
	GlobalSection(ProjectConfigurationPlatforms) = postSolution
		{EA9E8C8F-01E5-4BB1-85E2-DADEF050B90B}.Debug|Any CPU.ActiveCfg = Debug|Any CPU
		{EA9E8C8F-01E5-4BB1-85E2-DADEF050B90B}.Debug|Any CPU.Build.0 = Debug|Any CPU
		{EA9E8C8F-01E5-4BB1-85E2-DADEF050B90B}.Release|Any CPU.ActiveCfg = Release|Any CPU
		{EA9E8C8F-01E5-4BB1-85E2-DADEF050B90B}.Release|Any CPU.Build.0 = Release|Any CPU
	EndGlobalSection
	GlobalSection(SolutionProperties) = preSolution
		HideSolutionNode = FALSE
	EndGlobalSection
	GlobalSection(ExtensibilityGlobals) = postSolution
		SolutionGuid = {52F35B39-B7EB-4954-B7B7-B5E03ABB9081}
	EndGlobalSection
EndGlobal
